
Microsoft Visual Studio Solution File, Format Version 12.00
# Visual Studio Version 17
VisualStudioVersion = 17.4.33403.182
MinimumVisualStudioVersion = 10.0.40219.1
Project("{9A19103F-16F7-4668-BE54-9A1E7A4F7556}") = "ArgumentParsing", "ArgumentParsing\ArgumentParsing.csproj", "{75C6A7D3-8902-4565-A3A5-61FAA2E13B30}"
EndProject
Project("{9A19103F-16F7-4668-BE54-9A1E7A4F7556}") = "CommandParserExampleProgram", "CommandParserExampleProgram\CommandParserExampleProgram.csproj", "{866EA5D9-BE68-413D-8EBA-22FD805EE133}"
EndProject
Project("{2150E333-8FDC-42A3-9474-1A3956D46DE8}") = "Solution Items", "Solution Items", "{BEEB4605-C7F6-42F3-8758-8BE85A8AE86D}"
	ProjectSection(SolutionItems) = preProject
		.nprg043\README.md = .nprg043\README.md
		README.md = README.md
	EndProjectSection
EndProject
Project("{9A19103F-16F7-4668-BE54-9A1E7A4F7556}") = "ApiTests", "ApiTests\ApiTests.csproj", "{3EB85E36-7901-4E13-AB97-A14680CE98AB}"
EndProject
Project("{9A19103F-16F7-4668-BE54-9A1E7A4F7556}") = "CommandLineParserTests", "CommandLineParserTests\CommandLineParserTests.csproj", "{F5B2FB40-82A0-4071-8412-3EB29C4AD37E}"
EndProject
Global
	GlobalSection(SolutionConfigurationPlatforms) = preSolution
		Debug|Any CPU = Debug|Any CPU
		Release|Any CPU = Release|Any CPU
	EndGlobalSection
	GlobalSection(ProjectConfigurationPlatforms) = postSolution
		{75C6A7D3-8902-4565-A3A5-61FAA2E13B30}.Debug|Any CPU.ActiveCfg = Debug|Any CPU
		{75C6A7D3-8902-4565-A3A5-61FAA2E13B30}.Debug|Any CPU.Build.0 = Debug|Any CPU
		{75C6A7D3-8902-4565-A3A5-61FAA2E13B30}.Release|Any CPU.ActiveCfg = Release|Any CPU
		{75C6A7D3-8902-4565-A3A5-61FAA2E13B30}.Release|Any CPU.Build.0 = Release|Any CPU
		{866EA5D9-BE68-413D-8EBA-22FD805EE133}.Debug|Any CPU.ActiveCfg = Debug|Any CPU
		{866EA5D9-BE68-413D-8EBA-22FD805EE133}.Debug|Any CPU.Build.0 = Debug|Any CPU
		{866EA5D9-BE68-413D-8EBA-22FD805EE133}.Release|Any CPU.ActiveCfg = Release|Any CPU
		{866EA5D9-BE68-413D-8EBA-22FD805EE133}.Release|Any CPU.Build.0 = Release|Any CPU
		{3EB85E36-7901-4E13-AB97-A14680CE98AB}.Debug|Any CPU.ActiveCfg = Debug|Any CPU
		{3EB85E36-7901-4E13-AB97-A14680CE98AB}.Debug|Any CPU.Build.0 = Debug|Any CPU
		{3EB85E36-7901-4E13-AB97-A14680CE98AB}.Release|Any CPU.ActiveCfg = Release|Any CPU
		{3EB85E36-7901-4E13-AB97-A14680CE98AB}.Release|Any CPU.Build.0 = Release|Any CPU
		{F5B2FB40-82A0-4071-8412-3EB29C4AD37E}.Debug|Any CPU.ActiveCfg = Debug|Any CPU
		{F5B2FB40-82A0-4071-8412-3EB29C4AD37E}.Debug|Any CPU.Build.0 = Debug|Any CPU
		{F5B2FB40-82A0-4071-8412-3EB29C4AD37E}.Release|Any CPU.ActiveCfg = Release|Any CPU
		{F5B2FB40-82A0-4071-8412-3EB29C4AD37E}.Release|Any CPU.Build.0 = Release|Any CPU
	EndGlobalSection
	GlobalSection(SolutionProperties) = preSolution
		HideSolutionNode = FALSE
	EndGlobalSection
	GlobalSection(ExtensibilityGlobals) = postSolution
		SolutionGuid = {F2627B92-90E9-4E1C-A055-B91B5B630300}
	EndGlobalSection
EndGlobal
